
Microsoft Visual Studio Solution File, Format Version 12.00
# Visual Studio 14
VisualStudioVersion = 14.0.25420.1
MinimumVisualStudioVersion = 10.0.40219.1
Project("{FAE04EC0-301F-11D3-BF4B-00C04F79EFBC}") = "Model", "Model\Model.csproj", "{2C7E3CCF-934F-4155-AD57-079248802050}"
EndProject
Project("{FAE04EC0-301F-11D3-BF4B-00C04F79EFBC}") = "DAL", "DAL\DAL.csproj", "{13C9FE78-9BC2-4474-B779-F1AC8C18C121}"
EndProject
Project("{FAE04EC0-301F-11D3-BF4B-00C04F79EFBC}") = "BLL", "BLL\BLL.csproj", "{1A916DC1-D42F-4FB2-BC89-3FC9FE5E8FB0}"
EndProject
Project("{FAE04EC0-301F-11D3-BF4B-00C04F79EFBC}") = "Testing", "Testing\Testing.csproj", "{9BB1425F-8BFB-4796-A8ED-E3FB1389653D}"
EndProject
Project("{FAE04EC0-301F-11D3-BF4B-00C04F79EFBC}") = "WCF", "WCF\WCF.csproj", "{75762366-0537-4DB1-A432-C3C3E83C144B}"
EndProject
Global
	GlobalSection(SolutionConfigurationPlatforms) = preSolution
		Debug|Any CPU = Debug|Any CPU
		Release|Any CPU = Release|Any CPU
	EndGlobalSection
	GlobalSection(ProjectConfigurationPlatforms) = postSolution
		{2C7E3CCF-934F-4155-AD57-079248802050}.Debug|Any CPU.ActiveCfg = Debug|Any CPU
		{2C7E3CCF-934F-4155-AD57-079248802050}.Debug|Any CPU.Build.0 = Debug|Any CPU
		{2C7E3CCF-934F-4155-AD57-079248802050}.Release|Any CPU.ActiveCfg = Release|Any CPU
		{2C7E3CCF-934F-4155-AD57-079248802050}.Release|Any CPU.Build.0 = Release|Any CPU
		{13C9FE78-9BC2-4474-B779-F1AC8C18C121}.Debug|Any CPU.ActiveCfg = Debug|Any CPU
		{13C9FE78-9BC2-4474-B779-F1AC8C18C121}.Debug|Any CPU.Build.0 = Debug|Any CPU
		{13C9FE78-9BC2-4474-B779-F1AC8C18C121}.Release|Any CPU.ActiveCfg = Release|Any CPU
		{13C9FE78-9BC2-4474-B779-F1AC8C18C121}.Release|Any CPU.Build.0 = Release|Any CPU
		{1A916DC1-D42F-4FB2-BC89-3FC9FE5E8FB0}.Debug|Any CPU.ActiveCfg = Debug|Any CPU
		{1A916DC1-D42F-4FB2-BC89-3FC9FE5E8FB0}.Debug|Any CPU.Build.0 = Debug|Any CPU
		{1A916DC1-D42F-4FB2-BC89-3FC9FE5E8FB0}.Release|Any CPU.ActiveCfg = Release|Any CPU
		{1A916DC1-D42F-4FB2-BC89-3FC9FE5E8FB0}.Release|Any CPU.Build.0 = Release|Any CPU
		{9BB1425F-8BFB-4796-A8ED-E3FB1389653D}.Debug|Any CPU.ActiveCfg = Debug|Any CPU
		{9BB1425F-8BFB-4796-A8ED-E3FB1389653D}.Debug|Any CPU.Build.0 = Debug|Any CPU
		{9BB1425F-8BFB-4796-A8ED-E3FB1389653D}.Release|Any CPU.ActiveCfg = Release|Any CPU
		{9BB1425F-8BFB-4796-A8ED-E3FB1389653D}.Release|Any CPU.Build.0 = Release|Any CPU
		{75762366-0537-4DB1-A432-C3C3E83C144B}.Debug|Any CPU.ActiveCfg = Debug|Any CPU
		{75762366-0537-4DB1-A432-C3C3E83C144B}.Debug|Any CPU.Build.0 = Debug|Any CPU
		{75762366-0537-4DB1-A432-C3C3E83C144B}.Release|Any CPU.ActiveCfg = Release|Any CPU
		{75762366-0537-4DB1-A432-C3C3E83C144B}.Release|Any CPU.Build.0 = Release|Any CPU
	EndGlobalSection
	GlobalSection(SolutionProperties) = preSolution
		HideSolutionNode = FALSE
	EndGlobalSection
EndGlobal
